
Microsoft Visual Studio Solution File, Format Version 12.00
# Visual Studio Version 16
VisualStudioVersion = 16.0.30621.155
MinimumVisualStudioVersion = 10.0.40219.1
Project("{FAE04EC0-301F-11D3-BF4B-00C04F79EFBC}") = "Quiz Master", "Quiz Master\Quiz Master.csproj", "{A1250CA4-23D3-462F-8759-7343154EC3CA}"
EndProject
Global
	GlobalSection(SolutionConfigurationPlatforms) = preSolution
		Debug|Any CPU = Debug|Any CPU
		Release|Any CPU = Release|Any CPU
	EndGlobalSection
	GlobalSection(ProjectConfigurationPlatforms) = postSolution
		{A1250CA4-23D3-462F-8759-7343154EC3CA}.Debug|Any CPU.ActiveCfg = Debug|Any CPU
		{A1250CA4-23D3-462F-8759-7343154EC3CA}.Debug|Any CPU.Build.0 = Debug|Any CPU
		{A1250CA4-23D3-462F-8759-7343154EC3CA}.Release|Any CPU.ActiveCfg = Release|Any CPU
		{A1250CA4-23D3-462F-8759-7343154EC3CA}.Release|Any CPU.Build.0 = Release|Any CPU
	EndGlobalSection
	GlobalSection(SolutionProperties) = preSolution
		HideSolutionNode = FALSE
	EndGlobalSection
	GlobalSection(ExtensibilityGlobals) = postSolution
		SolutionGuid = {1267A891-3AE7-4DB3-9410-DEB250813822}
	EndGlobalSection
EndGlobal
